{
  "name": "@modelcontextprotocol/inspector-launcher",
  "version": "2.0.0",
  "lockfileVersion": 3,
  "requires": true,
  "packages": {
    "": {
      "name": "@modelcontextprotocol/inspector-launcher",
      "license": "MIT",
      "dependencies": {
        "commander": "^13.1.0"
      },
      "bin": {
        "mcp-inspector": "build/index.js"
      }
    },
    "node_modules/commander": {
      "version": "13.1.0",
      "license": "MIT",
      "engines": {
        "node": ">=18"
      }
    }
  }
}
