{
  "name": "@modelcontextprotocol/inspector-launcher",
  "version": "2.0.0",
  "lockfileVersion": 3,
  "requires": true,
  "packages": {
    "": {
      "name": "@modelcontextprotocol/inspector-launcher",
      "license": "MIT",
      "bin": {
        "mcp-inspector": "build/index.js"
      }
    }
  }
}
